
Microsoft Visual Studio Solution File, Format Version 12.00
# Visual Studio Version 16
VisualStudioVersion = 16.0.30413.136
MinimumVisualStudioVersion = 10.0.40219.1
Project("{FAE04EC0-301F-11D3-BF4B-00C04F79EFBC}") = "BulkyBook", "BulkyBook\BulkyBook.csproj", "{0CD05F96-2BCE-4203-8C17-2066C5BA01B3}"
EndProject
Project("{FAE04EC0-301F-11D3-BF4B-00C04F79EFBC}") = "BulkyBook.DataAccess", "BulkyBook.DataAccess\BulkyBook.DataAccess.csproj", "{D5488682-A2C9-4F93-97A0-63B060342039}"
EndProject
Project("{FAE04EC0-301F-11D3-BF4B-00C04F79EFBC}") = "BulkyBook.Models", "BulkyBook.Models\BulkyBook.Models.csproj", "{0F2867FE-B92A-4644-874E-6EEDDAC4580C}"
EndProject
Project("{FAE04EC0-301F-11D3-BF4B-00C04F79EFBC}") = "BulkyBook.Utility", "BulkyBook.Utility\BulkyBook.Utility.csproj", "{167361DC-EC63-45C6-9351-624505313D9F}"
EndProject
Global
	GlobalSection(SolutionConfigurationPlatforms) = preSolution
		Debug|Any CPU = Debug|Any CPU
		Release|Any CPU = Release|Any CPU
	EndGlobalSection
	GlobalSection(ProjectConfigurationPlatforms) = postSolution
		{0CD05F96-2BCE-4203-8C17-2066C5BA01B3}.Debug|Any CPU.ActiveCfg = Debug|Any CPU
		{0CD05F96-2BCE-4203-8C17-2066C5BA01B3}.Debug|Any CPU.Build.0 = Debug|Any CPU
		{0CD05F96-2BCE-4203-8C17-2066C5BA01B3}.Release|Any CPU.ActiveCfg = Release|Any CPU
		{0CD05F96-2BCE-4203-8C17-2066C5BA01B3}.Release|Any CPU.Build.0 = Release|Any CPU
		{D5488682-A2C9-4F93-97A0-63B060342039}.Debug|Any CPU.ActiveCfg = Debug|Any CPU
		{D5488682-A2C9-4F93-97A0-63B060342039}.Debug|Any CPU.Build.0 = Debug|Any CPU
		{D5488682-A2C9-4F93-97A0-63B060342039}.Release|Any CPU.ActiveCfg = Release|Any CPU
		{D5488682-A2C9-4F93-97A0-63B060342039}.Release|Any CPU.Build.0 = Release|Any CPU
		{0F2867FE-B92A-4644-874E-6EEDDAC4580C}.Debug|Any CPU.ActiveCfg = Debug|Any CPU
		{0F2867FE-B92A-4644-874E-6EEDDAC4580C}.Debug|Any CPU.Build.0 = Debug|Any CPU
		{0F2867FE-B92A-4644-874E-6EEDDAC4580C}.Release|Any CPU.ActiveCfg = Release|Any CPU
		{0F2867FE-B92A-4644-874E-6EEDDAC4580C}.Release|Any CPU.Build.0 = Release|Any CPU
		{167361DC-EC63-45C6-9351-624505313D9F}.Debug|Any CPU.ActiveCfg = Debug|Any CPU
		{167361DC-EC63-45C6-9351-624505313D9F}.Debug|Any CPU.Build.0 = Debug|Any CPU
		{167361DC-EC63-45C6-9351-624505313D9F}.Release|Any CPU.ActiveCfg = Release|Any CPU
		{167361DC-EC63-45C6-9351-624505313D9F}.Release|Any CPU.Build.0 = Release|Any CPU
	EndGlobalSection
	GlobalSection(SolutionProperties) = preSolution
		HideSolutionNode = FALSE
	EndGlobalSection
	GlobalSection(ExtensibilityGlobals) = postSolution
		SolutionGuid = {96FCE041-B3A8-41DC-895A-7DA6DAEA41D6}
	EndGlobalSection
EndGlobal
